
Microsoft Visual Studio Solution File, Format Version 12.00
# Visual Studio 15
VisualStudioVersion = 15.0.27130.2024
MinimumVisualStudioVersion = 10.0.40219.1
Project("{FAE04EC0-301F-11D3-BF4B-00C04F79EFBC}") = "ActivityTracker", "ActivityTracker\ActivityTracker.csproj", "{2D713B7A-4E03-4ABD-82F5-C039E2E82EEE}"
EndProject
Global
	GlobalSection(SolutionConfigurationPlatforms) = preSolution
		Debug|Any CPU = Debug|Any CPU
		Release|Any CPU = Release|Any CPU
	EndGlobalSection
	GlobalSection(ProjectConfigurationPlatforms) = postSolution
		{2D713B7A-4E03-4ABD-82F5-C039E2E82EEE}.Debug|Any CPU.ActiveCfg = Debug|Any CPU
		{2D713B7A-4E03-4ABD-82F5-C039E2E82EEE}.Debug|Any CPU.Build.0 = Debug|Any CPU
		{2D713B7A-4E03-4ABD-82F5-C039E2E82EEE}.Release|Any CPU.ActiveCfg = Release|Any CPU
		{2D713B7A-4E03-4ABD-82F5-C039E2E82EEE}.Release|Any CPU.Build.0 = Release|Any CPU
	EndGlobalSection
	GlobalSection(SolutionProperties) = preSolution
		HideSolutionNode = FALSE
	EndGlobalSection
	GlobalSection(ExtensibilityGlobals) = postSolution
		SolutionGuid = {AB5B5701-4A82-4F03-980C-9AB7E445AF79}
	EndGlobalSection
EndGlobal
